
Microsoft Visual Studio Solution File, Format Version 10.00
# Visual C# Express 2008
Project("{FAE04EC0-301F-11D3-BF4B-00C04F79EFBC}") = "Luco", "Luco\Luco.csproj", "{ED6F4051-343C-44E2-B4B4-F89E23867F5E}"
EndProject
Project("{FAE04EC0-301F-11D3-BF4B-00C04F79EFBC}") = "IrcClient", "IrcClient\IrcClient.csproj", "{20847943-6628-4A3F-94F8-E0AA3D1DA4A2}"
EndProject
Global
	GlobalSection(SolutionConfigurationPlatforms) = preSolution
		Debug|Any CPU = Debug|Any CPU
		Release|Any CPU = Release|Any CPU
	EndGlobalSection
	GlobalSection(ProjectConfigurationPlatforms) = postSolution
		{ED6F4051-343C-44E2-B4B4-F89E23867F5E}.Debug|Any CPU.ActiveCfg = Debug|Any CPU
		{ED6F4051-343C-44E2-B4B4-F89E23867F5E}.Debug|Any CPU.Build.0 = Debug|Any CPU
		{ED6F4051-343C-44E2-B4B4-F89E23867F5E}.Release|Any CPU.ActiveCfg = Release|Any CPU
		{ED6F4051-343C-44E2-B4B4-F89E23867F5E}.Release|Any CPU.Build.0 = Release|Any CPU
		{20847943-6628-4A3F-94F8-E0AA3D1DA4A2}.Debug|Any CPU.ActiveCfg = Debug|Any CPU
		{20847943-6628-4A3F-94F8-E0AA3D1DA4A2}.Debug|Any CPU.Build.0 = Debug|Any CPU
		{20847943-6628-4A3F-94F8-E0AA3D1DA4A2}.Release|Any CPU.ActiveCfg = Release|Any CPU
		{20847943-6628-4A3F-94F8-E0AA3D1DA4A2}.Release|Any CPU.Build.0 = Release|Any CPU
	EndGlobalSection
	GlobalSection(SolutionProperties) = preSolution
		HideSolutionNode = FALSE
	EndGlobalSection
EndGlobal
